
Microsoft Visual Studio Solution File, Format Version 12.00
# Visual Studio 15
Project("{FAE04EC0-301F-11D3-BF4B-00C04F79EFBC}") = "The Alter of Fortune", "Assembly-CSharp.csproj", "{42545DE0-9E63-D648-A9EB-8FC520D706AF}"
EndProject
Global
	GlobalSection(SolutionConfigurationPlatforms) = preSolution
		Debug|Any CPU = Debug|Any CPU
		Release|Any CPU = Release|Any CPU
	EndGlobalSection
	GlobalSection(ProjectConfigurationPlatforms) = postSolution
		{42545DE0-9E63-D648-A9EB-8FC520D706AF}.Debug|Any CPU.ActiveCfg = Debug|Any CPU
		{42545DE0-9E63-D648-A9EB-8FC520D706AF}.Debug|Any CPU.Build.0 = Debug|Any CPU
		{42545DE0-9E63-D648-A9EB-8FC520D706AF}.Release|Any CPU.ActiveCfg = Release|Any CPU
		{42545DE0-9E63-D648-A9EB-8FC520D706AF}.Release|Any CPU.Build.0 = Release|Any CPU
	EndGlobalSection
	GlobalSection(SolutionProperties) = preSolution
		HideSolutionNode = FALSE
	EndGlobalSection
EndGlobal
